
Microsoft Visual Studio Solution File, Format Version 12.00
# Visual Studio Version 17
VisualStudioVersion = 17.7.34202.233
MinimumVisualStudioVersion = 10.0.40219.1
Project("{FAE04EC0-301F-11D3-BF4B-00C04F79EFBC}") = "Chiriac_Roxana_Lab1", "Chiriac_Roxana_Lab1.csproj", "{163FB698-221F-4EF4-881C-236C50B7B0BD}"
EndProject
Global
	GlobalSection(SolutionConfigurationPlatforms) = preSolution
		Debug|Any CPU = Debug|Any CPU
		Release|Any CPU = Release|Any CPU
	EndGlobalSection
	GlobalSection(ProjectConfigurationPlatforms) = postSolution
		{163FB698-221F-4EF4-881C-236C50B7B0BD}.Debug|Any CPU.ActiveCfg = Debug|Any CPU
		{163FB698-221F-4EF4-881C-236C50B7B0BD}.Debug|Any CPU.Build.0 = Debug|Any CPU
		{163FB698-221F-4EF4-881C-236C50B7B0BD}.Release|Any CPU.ActiveCfg = Release|Any CPU
		{163FB698-221F-4EF4-881C-236C50B7B0BD}.Release|Any CPU.Build.0 = Release|Any CPU
	EndGlobalSection
	GlobalSection(SolutionProperties) = preSolution
		HideSolutionNode = FALSE
	EndGlobalSection
	GlobalSection(ExtensibilityGlobals) = postSolution
		SolutionGuid = {AD96F293-3860-4455-B5EE-1C97906F8B01}
	EndGlobalSection
EndGlobal
